
Microsoft Visual Studio Solution File, Format Version 12.00
# Visual Studio Version 16
VisualStudioVersion = 16.0.31729.503
MinimumVisualStudioVersion = 10.0.40219.1
Project("{FAE04EC0-301F-11D3-BF4B-00C04F79EFBC}") = "MCD_OOPInterfaceNedir", "MCD_OOPInterfaceNedir\MCD_OOPInterfaceNedir.csproj", "{1D5FC6F8-890E-472B-9E44-98E77D4E57C4}"
EndProject
Global
	GlobalSection(SolutionConfigurationPlatforms) = preSolution
		Debug|Any CPU = Debug|Any CPU
		Release|Any CPU = Release|Any CPU
	EndGlobalSection
	GlobalSection(ProjectConfigurationPlatforms) = postSolution
		{1D5FC6F8-890E-472B-9E44-98E77D4E57C4}.Debug|Any CPU.ActiveCfg = Debug|Any CPU
		{1D5FC6F8-890E-472B-9E44-98E77D4E57C4}.Debug|Any CPU.Build.0 = Debug|Any CPU
		{1D5FC6F8-890E-472B-9E44-98E77D4E57C4}.Release|Any CPU.ActiveCfg = Release|Any CPU
		{1D5FC6F8-890E-472B-9E44-98E77D4E57C4}.Release|Any CPU.Build.0 = Release|Any CPU
	EndGlobalSection
	GlobalSection(SolutionProperties) = preSolution
		HideSolutionNode = FALSE
	EndGlobalSection
	GlobalSection(ExtensibilityGlobals) = postSolution
		SolutionGuid = {B43B69D5-5AC4-4FE9-BF37-A1ED157A136C}
	EndGlobalSection
EndGlobal
